
Microsoft Visual Studio Solution File, Format Version 12.00
# Visual Studio Version 17
VisualStudioVersion = 17.9.34728.123
MinimumVisualStudioVersion = 10.0.40219.1
Project("{FAE04EC0-301F-11D3-BF4B-00C04F79EFBC}") = "Klient1", "Klient1.csproj", "{75D1E3E2-CAF4-4937-9561-80D1056A4328}"
EndProject
Global
	GlobalSection(SolutionConfigurationPlatforms) = preSolution
		Debug|Any CPU = Debug|Any CPU
		Release|Any CPU = Release|Any CPU
	EndGlobalSection
	GlobalSection(ProjectConfigurationPlatforms) = postSolution
		{75D1E3E2-CAF4-4937-9561-80D1056A4328}.Debug|Any CPU.ActiveCfg = Debug|Any CPU
		{75D1E3E2-CAF4-4937-9561-80D1056A4328}.Debug|Any CPU.Build.0 = Debug|Any CPU
		{75D1E3E2-CAF4-4937-9561-80D1056A4328}.Release|Any CPU.ActiveCfg = Release|Any CPU
		{75D1E3E2-CAF4-4937-9561-80D1056A4328}.Release|Any CPU.Build.0 = Release|Any CPU
	EndGlobalSection
	GlobalSection(SolutionProperties) = preSolution
		HideSolutionNode = FALSE
	EndGlobalSection
	GlobalSection(ExtensibilityGlobals) = postSolution
		SolutionGuid = {B7886AEA-1C78-4B8F-AD4F-3EEC9D771C22}
	EndGlobalSection
EndGlobal
