
Microsoft Visual Studio Solution File, Format Version 12.00
# Visual Studio Version 17
VisualStudioVersion = 17.9.34728.123
MinimumVisualStudioVersion = 10.0.40219.1
Project("{FAE04EC0-301F-11D3-BF4B-00C04F79EFBC}") = "Klient1", "Klient1\Klient1.csproj", "{75D1E3E2-CAF4-4937-9561-80D1056A4328}"
EndProject
Project("{FAE04EC0-301F-11D3-BF4B-00C04F79EFBC}") = "Klient2", "Klient2\Klient2.csproj", "{535AB1E8-978F-45FB-8B57-ED0CC376CB6C}"
EndProject
Project("{FAE04EC0-301F-11D3-BF4B-00C04F79EFBC}") = "ServerCzatu", "ServerCzatu\ServerCzatu.csproj", "{53725668-0EE2-4ECC-9B1E-8BAD7DFC4732}"
EndProject
Project("{FAE04EC0-301F-11D3-BF4B-00C04F79EFBC}") = "Sniffer", "Sniffer\Sniffer.csproj", "{0B5073CF-B47F-45CE-9AE1-2FF2C486633A}"
EndProject
Global
	GlobalSection(SolutionConfigurationPlatforms) = preSolution
		Debug|Any CPU = Debug|Any CPU
		Release|Any CPU = Release|Any CPU
	EndGlobalSection
	GlobalSection(ProjectConfigurationPlatforms) = postSolution
		{75D1E3E2-CAF4-4937-9561-80D1056A4328}.Debug|Any CPU.ActiveCfg = Debug|Any CPU
		{75D1E3E2-CAF4-4937-9561-80D1056A4328}.Debug|Any CPU.Build.0 = Debug|Any CPU
		{75D1E3E2-CAF4-4937-9561-80D1056A4328}.Release|Any CPU.ActiveCfg = Release|Any CPU
		{75D1E3E2-CAF4-4937-9561-80D1056A4328}.Release|Any CPU.Build.0 = Release|Any CPU
		{535AB1E8-978F-45FB-8B57-ED0CC376CB6C}.Debug|Any CPU.ActiveCfg = Debug|Any CPU
		{535AB1E8-978F-45FB-8B57-ED0CC376CB6C}.Debug|Any CPU.Build.0 = Debug|Any CPU
		{535AB1E8-978F-45FB-8B57-ED0CC376CB6C}.Release|Any CPU.ActiveCfg = Release|Any CPU
		{535AB1E8-978F-45FB-8B57-ED0CC376CB6C}.Release|Any CPU.Build.0 = Release|Any CPU
		{53725668-0EE2-4ECC-9B1E-8BAD7DFC4732}.Debug|Any CPU.ActiveCfg = Debug|Any CPU
		{53725668-0EE2-4ECC-9B1E-8BAD7DFC4732}.Debug|Any CPU.Build.0 = Debug|Any CPU
		{53725668-0EE2-4ECC-9B1E-8BAD7DFC4732}.Release|Any CPU.ActiveCfg = Release|Any CPU
		{53725668-0EE2-4ECC-9B1E-8BAD7DFC4732}.Release|Any CPU.Build.0 = Release|Any CPU
		{0B5073CF-B47F-45CE-9AE1-2FF2C486633A}.Debug|Any CPU.ActiveCfg = Debug|Any CPU
		{0B5073CF-B47F-45CE-9AE1-2FF2C486633A}.Debug|Any CPU.Build.0 = Debug|Any CPU
		{0B5073CF-B47F-45CE-9AE1-2FF2C486633A}.Release|Any CPU.ActiveCfg = Release|Any CPU
		{0B5073CF-B47F-45CE-9AE1-2FF2C486633A}.Release|Any CPU.Build.0 = Release|Any CPU
	EndGlobalSection
	GlobalSection(SolutionProperties) = preSolution
		HideSolutionNode = FALSE
	EndGlobalSection
	GlobalSection(ExtensibilityGlobals) = postSolution
		SolutionGuid = {E646A804-BEB0-4730-965C-84BE67DF492B}
	EndGlobalSection
EndGlobal
